// !$*UTF8*$!
{
	archiveVersion = 1;
	classes = {
	};
	objectVersion = 56;
	objects = {

/* Begin PBXBuildFile section */
		41D109C329F68AC5001D2FFE /* AppDelegate.swift in Sources */ = {isa = PBXBuildFile; fileRef = 41D109C229F68AC5001D2FFE /* AppDelegate.swift */; };
		41D109C529F68AC5001D2FFE /* SceneDelegate.swift in Sources */ = {isa = PBXBuildFile; fileRef = 41D109C429F68AC5001D2FFE /* SceneDelegate.swift */; };
		41D109C729F68AC5001D2FFE /* ViewController.swift in Sources */ = {isa = PBXBuildFile; fileRef = 41D109C629F68AC5001D2FFE /* ViewController.swift */; };
		41D109CA29F68AC5001D2FFE /* Main.storyboard in Resources */ = {isa = PBXBuildFile; fileRef = 41D109C829F68AC5001D2FFE /* Main.storyboard */; };
		41D109CC29F68AC7001D2FFE /* Assets.xcassets in Resources */ = {isa = PBXBuildFile; fileRef = 41D109CB29F68AC7001D2FFE /* Assets.xcassets */; };
		41D109CF29F68AC7001D2FFE /* LaunchScreen.storyboard in Resources */ = {isa = PBXBuildFile; fileRef = 41D109CD29F68AC7001D2FFE /* LaunchScreen.storyboard */; };
		41D109DA29F68AC7001D2FFE /* CourseFirstTests.swift in Sources */ = {isa = PBXBuildFile; fileRef = 41D109D929F68AC7001D2FFE /* CourseFirstTests.swift */; };
		41D109E429F68AC7001D2FFE /* CourseFirstUITests.swift in Sources */ = {isa = PBXBuildFile; fileRef = 41D109E329F68AC7001D2FFE /* CourseFirstUITests.swift */; };
		41D109E629F68AC7001D2FFE /* CourseFirstUITestsLaunchTests.swift in Sources */ = {isa = PBXBuildFile; fileRef = 41D109E529F68AC7001D2FFE /* CourseFirstUITestsLaunchTests.swift */; };
/* End PBXBuildFile section */

/* Begin PBXContainerItemProxy section */
		41D109D629F68AC7001D2FFE /* PBXContainerItemProxy */ = {
			isa = PBXContainerItemProxy;
			containerPortal = 41D109B729F68AC5001D2FFE /* Project object */;
			proxyType = 1;
			remoteGlobalIDString = 41D109BE29F68AC5001D2FFE;
			remoteInfo = CourseFirst;
		};
		41D109E029F68AC7001D2FFE /* PBXContainerItemProxy */ = {
			isa = PBXContainerItemProxy;
			containerPortal = 41D109B729F68AC5001D2FFE /* Project object */;
			proxyType = 1;
			remoteGlobalIDString = 41D109BE29F68AC5001D2FFE;
			remoteInfo = CourseFirst;
		};
/* End PBXContainerItemProxy section */

/* Begin PBXFileReference section */
		41D109BF29F68AC5001D2FFE /* CourseFirst.app */ = {isa = PBXFileReference; explicitFileType = wrapper.application; includeInIndex = 0; path = CourseFirst.app; sourceTree = BUILT_PRODUCTS_DIR; };
		41D109C229F68AC5001D2FFE /* AppDelegate.swift */ = {isa = PBXFileReference; lastKnownFileType = sourcecode.swift; path = AppDelegate.swift; sourceTree = "<group>"; };
		41D109C429F68AC5001D2FFE /* SceneDelegate.swift */ = {isa = PBXFileReference; lastKnownFileType = sourcecode.swift; path = SceneDelegate.swift; sourceTree = "<group>"; };
		41D109C629F68AC5001D2FFE /* ViewController.swift */ = {isa = PBXFileReference; lastKnownFileType = sourcecode.swift; path = ViewController.swift; sourceTree = "<group>"; };
		41D109C929F68AC5001D2FFE /* Base */ = {isa = PBXFileReference; lastKnownFileType = file.storyboard; name = Base; path = Base.lproj/Main.storyboard; sourceTree = "<group>"; };
		41D109CB29F68AC7001D2FFE /* Assets.xcassets */ = {isa = PBXFileReference; lastKnownFileType = folder.assetcatalog; path = Assets.xcassets; sourceTree = "<group>"; };
		41D109CE29F68AC7001D2FFE /* Base */ = {isa = PBXFileReference; lastKnownFileType = file.storyboard; name = Base; path = Base.lproj/LaunchScreen.storyboard; sourceTree = "<group>"; };
		41D109D029F68AC7001D2FFE /* Info.plist */ = {isa = PBXFileReference; lastKnownFileType = text.plist.xml; path = Info.plist; sourceTree = "<group>"; };
		41D109D529F68AC7001D2FFE /* CourseFirstTests.xctest */ = {isa = PBXFileReference; explicitFileType = wrapper.cfbundle; includeInIndex = 0; path = CourseFirstTests.xctest; sourceTree = BUILT_PRODUCTS_DIR; };
		41D109D929F68AC7001D2FFE /* CourseFirstTests.swift */ = {isa = PBXFileReference; lastKnownFileType = sourcecode.swift; path = CourseFirstTests.swift; sourceTree = "<group>"; };
		41D109DF29F68AC7001D2FFE /* CourseFirstUITests.xctest */ = {isa = PBXFileReference; explicitFileType = wrapper.cfbundle; includeInIndex = 0; path = CourseFirstUITests.xctest; sourceTree = BUILT_PRODUCTS_DIR; };
		41D109E329F68AC7001D2FFE /* CourseFirstUITests.swift */ = {isa = PBXFileReference; lastKnownFileType = sourcecode.swift; path = CourseFirstUITests.swift; sourceTree = "<group>"; };
		41D109E529F68AC7001D2FFE /* CourseFirstUITestsLaunchTests.swift */ = {isa = PBXFileReference; lastKnownFileType = sourcecode.swift; path = CourseFirstUITestsLaunchTests.swift; sourceTree = "<group>"; };
/* End PBXFileReference section */

/* Begin PBXFrameworksBuildPhase section */
		41D109BC29F68AC5001D2FFE /* Frameworks */ = {
			isa = PBXFrameworksBuildPhase;
			buildActionMask = 2147483647;
			files = (
			);
			runOnlyForDeploymentPostprocessing = 0;
		};
		41D109D229F68AC7001D2FFE /* Frameworks */ = {
			isa = PBXFrameworksBuildPhase;
			buildActionMask = 2147483647;
			files = (
			);
			runOnlyForDeploymentPostprocessing = 0;
		};
		41D109DC29F68AC7001D2FFE /* Frameworks */ = {
			isa = PBXFrameworksBuildPhase;
			buildActionMask = 2147483647;
			files = (
			);
			runOnlyForDeploymentPostprocessing = 0;
		};
/* End PBXFrameworksBuildPhase section */

/* Begin PBXGroup section */
		41D109B629F68AC5001D2FFE = {
			isa = PBXGroup;
			children = (
				41D109C129F68AC5001D2FFE /* CourseFirst */,
				41D109D829F68AC7001D2FFE /* CourseFirstTests */,
				41D109E229F68AC7001D2FFE /* CourseFirstUITests */,
				41D109C029F68AC5001D2FFE /* Products */,
			);
			sourceTree = "<group>";
		};
		41D109C029F68AC5001D2FFE /* Products */ = {
			isa = PBXGroup;
			children = (
				41D109BF29F68AC5001D2FFE /* CourseFirst.app */,
				41D109D529F68AC7001D2FFE /* CourseFirstTests.xctest */,
				41D109DF29F68AC7001D2FFE /* CourseFirstUITests.xctest */,
			);
			name = Products;
			sourceTree = "<group>";
		};
		41D109C129F68AC5001D2FFE /* CourseFirst */ = {
			isa = PBXGroup;
			children = (
				41D109C229F68AC5001D2FFE /* AppDelegate.swift */,
				41D109C429F68AC5001D2FFE /* SceneDelegate.swift */,
				41D109C629F68AC5001D2FFE /* ViewController.swift */,
				41D109C829F68AC5001D2FFE /* Main.storyboard */,
				41D109CB29F68AC7001D2FFE /* Assets.xcassets */,
				41D109CD29F68AC7001D2FFE /* LaunchScreen.storyboard */,
				41D109D029F68AC7001D2FFE /* Info.plist */,
			);
			path = CourseFirst;
			sourceTree = "<group>";
		};
		41D109D829F68AC7001D2FFE /* CourseFirstTests */ = {
			isa = PBXGroup;
			children = (
				41D109D929F68AC7001D2FFE /* CourseFirstTests.swift */,
			);
			path = CourseFirstTests;
			sourceTree = "<group>";
		};
		41D109E229F68AC7001D2FFE /* CourseFirstUITests */ = {
			isa = PBXGroup;
			children = (
				41D109E329F68AC7001D2FFE /* CourseFirstUITests.swift */,
				41D109E529F68AC7001D2FFE /* CourseFirstUITestsLaunchTests.swift */,
			);
			path = CourseFirstUITests;
			sourceTree = "<group>";
		};
/* End PBXGroup section */

/* Begin PBXNativeTarget section */
		41D109BE29F68AC5001D2FFE /* CourseFirst */ = {
			isa = PBXNativeTarget;
			buildConfigurationList = 41D109E929F68AC7001D2FFE /* Build configuration list for PBXNativeTarget "CourseFirst" */;
			buildPhases = (
				41D109BB29F68AC5001D2FFE /* Sources */,
				41D109BC29F68AC5001D2FFE /* Frameworks */,
				41D109BD29F68AC5001D2FFE /* Resources */,
			);
			buildRules = (
			);
			dependencies = (
			);
			name = CourseFirst;
			productName = CourseFirst;
			productReference = 41D109BF29F68AC5001D2FFE /* CourseFirst.app */;
			productType = "com.apple.product-type.application";
		};
		41D109D429F68AC7001D2FFE /* CourseFirstTests */ = {
			isa = PBXNativeTarget;
			buildConfigurationList = 41D109EC29F68AC7001D2FFE /* Build configuration list for PBXNativeTarget "CourseFirstTests" */;
			buildPhases = (
				41D109D129F68AC7001D2FFE /* Sources */,
				41D109D229F68AC7001D2FFE /* Frameworks */,
				41D109D329F68AC7001D2FFE /* Resources */,
			);
			buildRules = (
			);
			dependencies = (
				41D109D729F68AC7001D2FFE /* PBXTargetDependency */,
			);
			name = CourseFirstTests;
			productName = CourseFirstTests;
			productReference = 41D109D529F68AC7001D2FFE /* CourseFirstTests.xctest */;
			productType = "com.apple.product-type.bundle.unit-test";
		};
		41D109DE29F68AC7001D2FFE /* CourseFirstUITests */ = {
			isa = PBXNativeTarget;
			buildConfigurationList = 41D109EF29F68AC7001D2FFE /* Build configuration list for PBXNativeTarget "CourseFirstUITests" */;
			buildPhases = (
				41D109DB29F68AC7001D2FFE /* Sources */,
				41D109DC29F68AC7001D2FFE /* Frameworks */,
				41D109DD29F68AC7001D2FFE /* Resources */,
			);
			buildRules = (
			);
			dependencies = (
				41D109E129F68AC7001D2FFE /* PBXTargetDependency */,
			);
			name = CourseFirstUITests;
			productName = CourseFirstUITests;
			productReference = 41D109DF29F68AC7001D2FFE /* CourseFirstUITests.xctest */;
			productType = "com.apple.product-type.bundle.ui-testing";
		};
/* End PBXNativeTarget section */

/* Begin PBXProject section */
		41D109B729F68AC5001D2FFE /* Project object */ = {
			isa = PBXProject;
			attributes = {
				BuildIndependentTargetsInParallel = 1;
				LastSwiftUpdateCheck = 1430;
				LastUpgradeCheck = 1430;
				TargetAttributes = {
					41D109BE29F68AC5001D2FFE = {
						CreatedOnToolsVersion = 14.3;
					};
					41D109D429F68AC7001D2FFE = {
						CreatedOnToolsVersion = 14.3;
						TestTargetID = 41D109BE29F68AC5001D2FFE;
					};
					41D109DE29F68AC7001D2FFE = {
						CreatedOnToolsVersion = 14.3;
						TestTargetID = 41D109BE29F68AC5001D2FFE;
					};
				};
			};
			buildConfigurationList = 41D109BA29F68AC5001D2FFE /* Build configuration list for PBXProject "CourseFirst" */;
			compatibilityVersion = "Xcode 14.0";
			developmentRegion = en;
			hasScannedForEncodings = 0;
			knownRegions = (
				en,
				Base,
			);
			mainGroup = 41D109B629F68AC5001D2FFE;
			productRefGroup = 41D109C029F68AC5001D2FFE /* Products */;
			projectDirPath = "";
			projectRoot = "";
			targets = (
				41D109BE29F68AC5001D2FFE /* CourseFirst */,
				41D109D429F68AC7001D2FFE /* CourseFirstTests */,
				41D109DE29F68AC7001D2FFE /* CourseFirstUITests */,
			);
		};
/* End PBXProject section */

/* Begin PBXResourcesBuildPhase section */
		41D109BD29F68AC5001D2FFE /* Resources */ = {
			isa = PBXResourcesBuildPhase;
			buildActionMask = 2147483647;
			files = (
				41D109CF29F68AC7001D2FFE /* LaunchScreen.storyboard in Resources */,
				41D109CC29F68AC7001D2FFE /* Assets.xcassets in Resources */,
				41D109CA29F68AC5001D2FFE /* Main.storyboard in Resources */,
			);
			runOnlyForDeploymentPostprocessing = 0;
		};
		41D109D329F68AC7001D2FFE /* Resources */ = {
			isa = PBXResourcesBuildPhase;
			buildActionMask = 2147483647;
			files = (
			);
			runOnlyForDeploymentPostprocessing = 0;
		};
		41D109DD29F68AC7001D2FFE /* Resources */ = {
			isa = PBXResourcesBuildPhase;
			buildActionMask = 2147483647;
			files = (
			);
			runOnlyForDeploymentPostprocessing = 0;
		};
/* End PBXResourcesBuildPhase section */

/* Begin PBXSourcesBuildPhase section */
		41D109BB29F68AC5001D2FFE /* Sources */ = {
			isa = PBXSourcesBuildPhase;
			buildActionMask = 2147483647;
			files = (
				41D109C729F68AC5001D2FFE /* ViewController.swift in Sources */,
				41D109C329F68AC5001D2FFE /* AppDelegate.swift in Sources */,
				41D109C529F68AC5001D2FFE /* SceneDelegate.swift in Sources */,
			);
			runOnlyForDeploymentPostprocessing = 0;
		};
		41D109D129F68AC7001D2FFE /* Sources */ = {
			isa = PBXSourcesBuildPhase;
			buildActionMask = 2147483647;
			files = (
				41D109DA29F68AC7001D2FFE /* CourseFirstTests.swift in Sources */,
			);
			runOnlyForDeploymentPostprocessing = 0;
		};
		41D109DB29F68AC7001D2FFE /* Sources */ = {
			isa = PBXSourcesBuildPhase;
			buildActionMask = 2147483647;
			files = (
				41D109E629F68AC7001D2FFE /* CourseFirstUITestsLaunchTests.swift in Sources */,
				41D109E429F68AC7001D2FFE /* CourseFirstUITests.swift in Sources */,
			);
			runOnlyForDeploymentPostprocessing = 0;
		};
/* End PBXSourcesBuildPhase section */

/* Begin PBXTargetDependency section */
		41D109D729F68AC7001D2FFE /* PBXTargetDependency */ = {
			isa = PBXTargetDependency;
			target = 41D109BE29F68AC5001D2FFE /* CourseFirst */;
			targetProxy = 41D109D629F68AC7001D2FFE /* PBXContainerItemProxy */;
		};
		41D109E129F68AC7001D2FFE /* PBXTargetDependency */ = {
			isa = PBXTargetDependency;
			target = 41D109BE29F68AC5001D2FFE /* CourseFirst */;
			targetProxy = 41D109E029F68AC7001D2FFE /* PBXContainerItemProxy */;
		};
/* End PBXTargetDependency section */

/* Begin PBXVariantGroup section */
		41D109C829F68AC5001D2FFE /* Main.storyboard */ = {
			isa = PBXVariantGroup;
			children = (
				41D109C929F68AC5001D2FFE /* Base */,
			);
			name = Main.storyboard;
			sourceTree = "<group>";
		};
		41D109CD29F68AC7001D2FFE /* LaunchScreen.storyboard */ = {
			isa = PBXVariantGroup;
			children = (
				41D109CE29F68AC7001D2FFE /* Base */,
			);
			name = LaunchScreen.storyboard;
			sourceTree = "<group>";
		};
/* End PBXVariantGroup section */

/* Begin XCBuildConfiguration section */
		41D109E729F68AC7001D2FFE /* Debug */ = {
			isa = XCBuildConfiguration;
			buildSettings = {
				ALWAYS_SEARCH_USER_PATHS = NO;
				CLANG_ANALYZER_NONNULL = YES;
				CLANG_ANALYZER_NUMBER_OBJECT_CONVERSION = YES_AGGRESSIVE;
				CLANG_CXX_LANGUAGE_STANDARD = "gnu++20";
				CLANG_ENABLE_MODULES = YES;
				CLANG_ENABLE_OBJC_ARC = YES;
				CLANG_ENABLE_OBJC_WEAK = YES;
				CLANG_WARN_BLOCK_CAPTURE_AUTORELEASING = YES;
				CLANG_WARN_BOOL_CONVERSION = YES;
				CLANG_WARN_COMMA = YES;
				CLANG_WARN_CONSTANT_CONVERSION = YES;
				CLANG_WARN_DEPRECATED_OBJC_IMPLEMENTATIONS = YES;
				CLANG_WARN_DIRECT_OBJC_ISA_USAGE = YES_ERROR;
				CLANG_WARN_DOCUMENTATION_COMMENTS = YES;
				CLANG_WARN_EMPTY_BODY = YES;
				CLANG_WARN_ENUM_CONVERSION = YES;
				CLANG_WARN_INFINITE_RECURSION = YES;
				CLANG_WARN_INT_CONVERSION = YES;
				CLANG_WARN_NON_LITERAL_NULL_CONVERSION = YES;
				CLANG_WARN_OBJC_IMPLICIT_RETAIN_SELF = YES;
				CLANG_WARN_OBJC_LITERAL_CONVERSION = YES;
				CLANG_WARN_OBJC_ROOT_CLASS = YES_ERROR;
				CLANG_WARN_QUOTED_INCLUDE_IN_FRAMEWORK_HEADER = YES;
				CLANG_WARN_RANGE_LOOP_ANALYSIS = YES;
				CLANG_WARN_STRICT_PROTOTYPES = YES;
				CLANG_WARN_SUSPICIOUS_MOVE = YES;
				CLANG_WARN_UNGUARDED_AVAILABILITY = YES_AGGRESSIVE;
				CLANG_WARN_UNREACHABLE_CODE = YES;
				CLANG_WARN__DUPLICATE_METHOD_MATCH = YES;
				COPY_PHASE_STRIP = NO;
				DEBUG_INFORMATION_FORMAT = dwarf;
				ENABLE_STRICT_OBJC_MSGSEND = YES;
				ENABLE_TESTABILITY = YES;
				GCC_C_LANGUAGE_STANDARD = gnu11;
				GCC_DYNAMIC_NO_PIC = NO;
				GCC_NO_COMMON_BLOCKS = YES;
				GCC_OPTIMIZATION_LEVEL = 0;
				GCC_PREPROCESSOR_DEFINITIONS = (
					"DEBUG=1",
					"$(inherited)",
				);
				GCC_WARN_64_TO_32_BIT_CONVERSION = YES;
				GCC_WARN_ABOUT_RETURN_TYPE = YES_ERROR;
				GCC_WARN_UNDECLARED_SELECTOR = YES;
				GCC_WARN_UNINITIALIZED_AUTOS = YES_AGGRESSIVE;
				GCC_WARN_UNUSED_FUNCTION = YES;
				GCC_WARN_UNUSED_VARIABLE = YES;
				IPHONEOS_DEPLOYMENT_TARGET = 16.4;
				MTL_ENABLE_DEBUG_INFO = INCLUDE_SOURCE;
				MTL_FAST_MATH = YES;
				ONLY_ACTIVE_ARCH = YES;
				SDKROOT = iphoneos;
				SWIFT_ACTIVE_COMPILATION_CONDITIONS = DEBUG;
				SWIFT_OPTIMIZATION_LEVEL = "-Onone";
			};
			name = Debug;
		};
		41D109E829F68AC7001D2FFE /* Release */ = {
			isa = XCBuildConfiguration;
			buildSettings = {
				ALWAYS_SEARCH_USER_PATHS = NO;
				CLANG_ANALYZER_NONNULL = YES;
				CLANG_ANALYZER_NUMBER_OBJECT_CONVERSION = YES_AGGRESSIVE;
				CLANG_CXX_LANGUAGE_STANDARD = "gnu++20";
				CLANG_ENABLE_MODULES = YES;
				CLANG_ENABLE_OBJC_ARC = YES;
				CLANG_ENABLE_OBJC_WEAK = YES;
				CLANG_WARN_BLOCK_CAPTURE_AUTORELEASING = YES;
				CLANG_WARN_BOOL_CONVERSION = YES;
				CLANG_WARN_COMMA = YES;
				CLANG_WARN_CONSTANT_CONVERSION = YES;
				CLANG_WARN_DEPRECATED_OBJC_IMPLEMENTATIONS = YES;
				CLANG_WARN_DIRECT_OBJC_ISA_USAGE = YES_ERROR;
				CLANG_WARN_DOCUMENTATION_COMMENTS = YES;
				CLANG_WARN_EMPTY_BODY = YES;
				CLANG_WARN_ENUM_CONVERSION = YES;
				CLANG_WARN_INFINITE_RECURSION = YES;
				CLANG_WARN_INT_CONVERSION = YES;
				CLANG_WARN_NON_LITERAL_NULL_CONVERSION = YES;
				CLANG_WARN_OBJC_IMPLICIT_RETAIN_SELF = YES;
				CLANG_WARN_OBJC_LITERAL_CONVERSION = YES;
				CLANG_WARN_OBJC_ROOT_CLASS = YES_ERROR;
				CLANG_WARN_QUOTED_INCLUDE_IN_FRAMEWORK_HEADER = YES;
				CLANG_WARN_RANGE_LOOP_ANALYSIS = YES;
				CLANG_WARN_STRICT_PROTOTYPES = YES;
				CLANG_WARN_SUSPICIOUS_MOVE = YES;
				CLANG_WARN_UNGUARDED_AVAILABILITY = YES_AGGRESSIVE;
				CLANG_WARN_UNREACHABLE_CODE = YES;
				CLANG_WARN__DUPLICATE_METHOD_MATCH = YES;
				COPY_PHASE_STRIP = NO;
				DEBUG_INFORMATION_FORMAT = "dwarf-with-dsym";
				ENABLE_NS_ASSERTIONS = NO;
				ENABLE_STRICT_OBJC_MSGSEND = YES;
				GCC_C_LANGUAGE_STANDARD = gnu11;
				GCC_NO_COMMON_BLOCKS = YES;
				GCC_WARN_64_TO_32_BIT_CONVERSION = YES;
				GCC_WARN_ABOUT_RETURN_TYPE = YES_ERROR;
				GCC_WARN_UNDECLARED_SELECTOR = YES;
				GCC_WARN_UNINITIALIZED_AUTOS = YES_AGGRESSIVE;
				GCC_WARN_UNUSED_FUNCTION = YES;
				GCC_WARN_UNUSED_VARIABLE = YES;
				IPHONEOS_DEPLOYMENT_TARGET = 16.4;
				MTL_ENABLE_DEBUG_INFO = NO;
				MTL_FAST_MATH = YES;
				SDKROOT = iphoneos;
				SWIFT_COMPILATION_MODE = wholemodule;
				SWIFT_OPTIMIZATION_LEVEL = "-O";
				VALIDATE_PRODUCT = YES;
			};
			name = Release;
		};
		41D109EA29F68AC7001D2FFE /* Debug */ = {
			isa = XCBuildConfiguration;
			buildSettings = {
				ASSETCATALOG_COMPILER_APPICON_NAME = AppIcon;
				ASSETCATALOG_COMPILER_GLOBAL_ACCENT_COLOR_NAME = AccentColor;
				CODE_SIGN_STYLE = Automatic;
				CURRENT_PROJECT_VERSION = 1;
				DEVELOPMENT_TEAM = 5FJ54587SD;
				GENERATE_INFOPLIST_FILE = YES;
				INFOPLIST_FILE = CourseFirst/Info.plist;
				INFOPLIST_KEY_UIApplicationSupportsIndirectInputEvents = YES;
				INFOPLIST_KEY_UILaunchStoryboardName = LaunchScreen;
				INFOPLIST_KEY_UIMainStoryboardFile = Main;
				INFOPLIST_KEY_UISupportedInterfaceOrientations_iPad = "UIInterfaceOrientationPortrait UIInterfaceOrientationPortraitUpsideDown UIInterfaceOrientationLandscapeLeft UIInterfaceOrientationLandscapeRight";
				INFOPLIST_KEY_UISupportedInterfaceOrientations_iPhone = "UIInterfaceOrientationPortrait UIInterfaceOrientationLandscapeLeft UIInterfaceOrientationLandscapeRight";
				LD_RUNPATH_SEARCH_PATHS = (
					"$(inherited)",
					"@executable_path/Frameworks",
				);
				MARKETING_VERSION = 1.0;
				PRODUCT_BUNDLE_IDENTIFIER = newBundle.CourseFirst;
				PRODUCT_NAME = "$(TARGET_NAME)";
				SWIFT_EMIT_LOC_STRINGS = YES;
				SWIFT_VERSION = 5.0;
				TARGETED_DEVICE_FAMILY = "1,2";
			};
			name = Debug;
		};
		41D109EB29F68AC7001D2FFE /* Release */ = {
			isa = XCBuildConfiguration;
			buildSettings = {
				ASSETCATALOG_COMPILER_APPICON_NAME = AppIcon;
				ASSETCATALOG_COMPILER_GLOBAL_ACCENT_COLOR_NAME = AccentColor;
				CODE_SIGN_STYLE = Automatic;
				CURRENT_PROJECT_VERSION = 1;
				DEVELOPMENT_TEAM = 5FJ54587SD;
				GENERATE_INFOPLIST_FILE = YES;
				INFOPLIST_FILE = CourseFirst/Info.plist;
				INFOPLIST_KEY_UIApplicationSupportsIndirectInputEvents = YES;
				INFOPLIST_KEY_UILaunchStoryboardName = LaunchScreen;
				INFOPLIST_KEY_UIMainStoryboardFile = Main;
				INFOPLIST_KEY_UISupportedInterfaceOrientations_iPad = "UIInterfaceOrientationPortrait UIInterfaceOrientationPortraitUpsideDown UIInterfaceOrientationLandscapeLeft UIInterfaceOrientationLandscapeRight";
				INFOPLIST_KEY_UISupportedInterfaceOrientations_iPhone = "UIInterfaceOrientationPortrait UIInterfaceOrientationLandscapeLeft UIInterfaceOrientationLandscapeRight";
				LD_RUNPATH_SEARCH_PATHS = (
					"$(inherited)",
					"@executable_path/Frameworks",
				);
				MARKETING_VERSION = 1.0;
				PRODUCT_BUNDLE_IDENTIFIER = newBundle.CourseFirst;
				PRODUCT_NAME = "$(TARGET_NAME)";
				SWIFT_EMIT_LOC_STRINGS = YES;
				SWIFT_VERSION = 5.0;
				TARGETED_DEVICE_FAMILY = "1,2";
			};
			name = Release;
		};
		41D109ED29F68AC7001D2FFE /* Debug */ = {
			isa = XCBuildConfiguration;
			buildSettings = {
				ALWAYS_EMBED_SWIFT_STANDARD_LIBRARIES = YES;
				BUNDLE_LOADER = "$(TEST_HOST)";
				CODE_SIGN_STYLE = Automatic;
				CURRENT_PROJECT_VERSION = 1;
				DEVELOPMENT_TEAM = 5FJ54587SD;
				GENERATE_INFOPLIST_FILE = YES;
				IPHONEOS_DEPLOYMENT_TARGET = 16.4;
				MARKETING_VERSION = 1.0;
				PRODUCT_BUNDLE_IDENTIFIER = newBundle.CourseFirstTests;
				PRODUCT_NAME = "$(TARGET_NAME)";
				SWIFT_EMIT_LOC_STRINGS = NO;
				SWIFT_VERSION = 5.0;
				TARGETED_DEVICE_FAMILY = "1,2";
				TEST_HOST = "$(BUILT_PRODUCTS_DIR)/CourseFirst.app/$(BUNDLE_EXECUTABLE_FOLDER_PATH)/CourseFirst";
			};
			name = Debug;
		};
		41D109EE29F68AC7001D2FFE /* Release */ = {
			isa = XCBuildConfiguration;
			buildSettings = {
				ALWAYS_EMBED_SWIFT_STANDARD_LIBRARIES = YES;
				BUNDLE_LOADER = "$(TEST_HOST)";
				CODE_SIGN_STYLE = Automatic;
				CURRENT_PROJECT_VERSION = 1;
				DEVELOPMENT_TEAM = 5FJ54587SD;
				GENERATE_INFOPLIST_FILE = YES;
				IPHONEOS_DEPLOYMENT_TARGET = 16.4;
				MARKETING_VERSION = 1.0;
				PRODUCT_BUNDLE_IDENTIFIER = newBundle.CourseFirstTests;
				PRODUCT_NAME = "$(TARGET_NAME)";
				SWIFT_EMIT_LOC_STRINGS = NO;
				SWIFT_VERSION = 5.0;
				TARGETED_DEVICE_FAMILY = "1,2";
				TEST_HOST = "$(BUILT_PRODUCTS_DIR)/CourseFirst.app/$(BUNDLE_EXECUTABLE_FOLDER_PATH)/CourseFirst";
			};
			name = Release;
		};
		41D109F029F68AC7001D2FFE /* Debug */ = {
			isa = XCBuildConfiguration;
			buildSettings = {
				ALWAYS_EMBED_SWIFT_STANDARD_LIBRARIES = YES;
				CODE_SIGN_STYLE = Automatic;
				CURRENT_PROJECT_VERSION = 1;
				DEVELOPMENT_TEAM = 5FJ54587SD;
				GENERATE_INFOPLIST_FILE = YES;
				MARKETING_VERSION = 1.0;
				PRODUCT_BUNDLE_IDENTIFIER = newBundle.CourseFirstUITests;
				PRODUCT_NAME = "$(TARGET_NAME)";
				SWIFT_EMIT_LOC_STRINGS = NO;
				SWIFT_VERSION = 5.0;
				TARGETED_DEVICE_FAMILY = "1,2";
				TEST_TARGET_NAME = CourseFirst;
			};
			name = Debug;
		};
		41D109F129F68AC7001D2FFE /* Release */ = {
			isa = XCBuildConfiguration;
			buildSettings = {
				ALWAYS_EMBED_SWIFT_STANDARD_LIBRARIES = YES;
				CODE_SIGN_STYLE = Automatic;
				CURRENT_PROJECT_VERSION = 1;
				DEVELOPMENT_TEAM = 5FJ54587SD;
				GENERATE_INFOPLIST_FILE = YES;
				MARKETING_VERSION = 1.0;
				PRODUCT_BUNDLE_IDENTIFIER = newBundle.CourseFirstUITests;
				PRODUCT_NAME = "$(TARGET_NAME)";
				SWIFT_EMIT_LOC_STRINGS = NO;
				SWIFT_VERSION = 5.0;
				TARGETED_DEVICE_FAMILY = "1,2";
				TEST_TARGET_NAME = CourseFirst;
			};
			name = Release;
		};
/* End XCBuildConfiguration section */

/* Begin XCConfigurationList section */
		41D109BA29F68AC5001D2FFE /* Build configuration list for PBXProject "CourseFirst" */ = {
			isa = XCConfigurationList;
			buildConfigurations = (
				41D109E729F68AC7001D2FFE /* Debug */,
				41D109E829F68AC7001D2FFE /* Release */,
			);
			defaultConfigurationIsVisible = 0;
			defaultConfigurationName = Release;
		};
		41D109E929F68AC7001D2FFE /* Build configuration list for PBXNativeTarget "CourseFirst" */ = {
			isa = XCConfigurationList;
			buildConfigurations = (
				41D109EA29F68AC7001D2FFE /* Debug */,
				41D109EB29F68AC7001D2FFE /* Release */,
			);
			defaultConfigurationIsVisible = 0;
			defaultConfigurationName = Release;
		};
		41D109EC29F68AC7001D2FFE /* Build configuration list for PBXNativeTarget "CourseFirstTests" */ = {
			isa = XCConfigurationList;
			buildConfigurations = (
				41D109ED29F68AC7001D2FFE /* Debug */,
				41D109EE29F68AC7001D2FFE /* Release */,
			);
			defaultConfigurationIsVisible = 0;
			defaultConfigurationName = Release;
		};
		41D109EF29F68AC7001D2FFE /* Build configuration list for PBXNativeTarget "CourseFirstUITests" */ = {
			isa = XCConfigurationList;
			buildConfigurations = (
				41D109F029F68AC7001D2FFE /* Debug */,
				41D109F129F68AC7001D2FFE /* Release */,
			);
			defaultConfigurationIsVisible = 0;
			defaultConfigurationName = Release;
		};
/* End XCConfigurationList section */
	};
	rootObject = 41D109B729F68AC5001D2FFE /* Project object */;
}
